// !$*UTF8*$!
{
	archiveVersion = 1;
	classes = {
	};
	objectVersion = 56;
	objects = {

/* Begin PBXBuildFile section */
		12B1585E2D8B74BC00123B65 /* GithubActionsDemoApp.swift in Sources */ = {isa = PBXBuildFile; fileRef = 12B1585D2D8B74BC00123B65 /* GithubActionsDemoApp.swift */; };
		12B158602D8B74BC00123B65 /* ContentView.swift in Sources */ = {isa = PBXBuildFile; fileRef = 12B1585F2D8B74BC00123B65 /* ContentView.swift */; };
		12B158622D8B74BE00123B65 /* Assets.xcassets in Resources */ = {isa = PBXBuildFile; fileRef = 12B158612D8B74BE00123B65 /* Assets.xcassets */; };
		12B158652D8B74BE00123B65 /* Preview Assets.xcassets in Resources */ = {isa = PBXBuildFile; fileRef = 12B158642D8B74BE00123B65 /* Preview Assets.xcassets */; };
		12B1586F2D8B74BE00123B65 /* GithubActionsDemoTests.swift in Sources */ = {isa = PBXBuildFile; fileRef = 12B1586E2D8B74BE00123B65 /* GithubActionsDemoTests.swift */; };
		12B158792D8B74BE00123B65 /* GithubActionsDemoUITests.swift in Sources */ = {isa = PBXBuildFile; fileRef = 12B158782D8B74BE00123B65 /* GithubActionsDemoUITests.swift */; };
		12B1587B2D8B74BE00123B65 /* GithubActionsDemoUITestsLaunchTests.swift in Sources */ = {isa = PBXBuildFile; fileRef = 12B1587A2D8B74BE00123B65 /* GithubActionsDemoUITestsLaunchTests.swift */; };
/* End PBXBuildFile section */

/* Begin PBXContainerItemProxy section */
		12B1586B2D8B74BE00123B65 /* PBXContainerItemProxy */ = {
			isa = PBXContainerItemProxy;
			containerPortal = 12B158522D8B74BC00123B65 /* Project object */;
			proxyType = 1;
			remoteGlobalIDString = 12B158592D8B74BC00123B65;
			remoteInfo = GithubActionsDemo;
		};
		12B158752D8B74BE00123B65 /* PBXContainerItemProxy */ = {
			isa = PBXContainerItemProxy;
			containerPortal = 12B158522D8B74BC00123B65 /* Project object */;
			proxyType = 1;
			remoteGlobalIDString = 12B158592D8B74BC00123B65;
			remoteInfo = GithubActionsDemo;
		};
/* End PBXContainerItemProxy section */

/* Begin PBXFileReference section */
		12B1585A2D8B74BC00123B65 /* GithubActionsDemo.app */ = {isa = PBXFileReference; explicitFileType = wrapper.application; includeInIndex = 0; path = GithubActionsDemo.app; sourceTree = BUILT_PRODUCTS_DIR; };
		12B1585D2D8B74BC00123B65 /* GithubActionsDemoApp.swift */ = {isa = PBXFileReference; lastKnownFileType = sourcecode.swift; path = GithubActionsDemoApp.swift; sourceTree = "<group>"; };
		12B1585F2D8B74BC00123B65 /* ContentView.swift */ = {isa = PBXFileReference; lastKnownFileType = sourcecode.swift; path = ContentView.swift; sourceTree = "<group>"; };
		12B158612D8B74BE00123B65 /* Assets.xcassets */ = {isa = PBXFileReference; lastKnownFileType = folder.assetcatalog; path = Assets.xcassets; sourceTree = "<group>"; };
		12B158642D8B74BE00123B65 /* Preview Assets.xcassets */ = {isa = PBXFileReference; lastKnownFileType = folder.assetcatalog; path = "Preview Assets.xcassets"; sourceTree = "<group>"; };
		12B1586A2D8B74BE00123B65 /* GithubActionsDemoTests.xctest */ = {isa = PBXFileReference; explicitFileType = wrapper.cfbundle; includeInIndex = 0; path = GithubActionsDemoTests.xctest; sourceTree = BUILT_PRODUCTS_DIR; };
		12B1586E2D8B74BE00123B65 /* GithubActionsDemoTests.swift */ = {isa = PBXFileReference; lastKnownFileType = sourcecode.swift; path = GithubActionsDemoTests.swift; sourceTree = "<group>"; };
		12B158742D8B74BE00123B65 /* GithubActionsDemoUITests.xctest */ = {isa = PBXFileReference; explicitFileType = wrapper.cfbundle; includeInIndex = 0; path = GithubActionsDemoUITests.xctest; sourceTree = BUILT_PRODUCTS_DIR; };
		12B158782D8B74BE00123B65 /* GithubActionsDemoUITests.swift */ = {isa = PBXFileReference; lastKnownFileType = sourcecode.swift; path = GithubActionsDemoUITests.swift; sourceTree = "<group>"; };
		12B1587A2D8B74BE00123B65 /* GithubActionsDemoUITestsLaunchTests.swift */ = {isa = PBXFileReference; lastKnownFileType = sourcecode.swift; path = GithubActionsDemoUITestsLaunchTests.swift; sourceTree = "<group>"; };
/* End PBXFileReference section */

/* Begin PBXFrameworksBuildPhase section */
		12B158572D8B74BC00123B65 /* Frameworks */ = {
			isa = PBXFrameworksBuildPhase;
			buildActionMask = 2147483647;
			files = (
			);
			runOnlyForDeploymentPostprocessing = 0;
		};
		12B158672D8B74BE00123B65 /* Frameworks */ = {
			isa = PBXFrameworksBuildPhase;
			buildActionMask = 2147483647;
			files = (
			);
			runOnlyForDeploymentPostprocessing = 0;
		};
		12B158712D8B74BE00123B65 /* Frameworks */ = {
			isa = PBXFrameworksBuildPhase;
			buildActionMask = 2147483647;
			files = (
			);
			runOnlyForDeploymentPostprocessing = 0;
		};
/* End PBXFrameworksBuildPhase section */

/* Begin PBXGroup section */
		12B158512D8B74BC00123B65 = {
			isa = PBXGroup;
			children = (
				12B1585C2D8B74BC00123B65 /* GithubActionsDemo */,
				12B1586D2D8B74BE00123B65 /* GithubActionsDemoTests */,
				12B158772D8B74BE00123B65 /* GithubActionsDemoUITests */,
				12B1585B2D8B74BC00123B65 /* Products */,
			);
			sourceTree = "<group>";
		};
		12B1585B2D8B74BC00123B65 /* Products */ = {
			isa = PBXGroup;
			children = (
				12B1585A2D8B74BC00123B65 /* GithubActionsDemo.app */,
				12B1586A2D8B74BE00123B65 /* GithubActionsDemoTests.xctest */,
				12B158742D8B74BE00123B65 /* GithubActionsDemoUITests.xctest */,
			);
			name = Products;
			sourceTree = "<group>";
		};
		12B1585C2D8B74BC00123B65 /* GithubActionsDemo */ = {
			isa = PBXGroup;
			children = (
				12B1585D2D8B74BC00123B65 /* GithubActionsDemoApp.swift */,
				12B1585F2D8B74BC00123B65 /* ContentView.swift */,
				12B158612D8B74BE00123B65 /* Assets.xcassets */,
				12B158632D8B74BE00123B65 /* Preview Content */,
			);
			path = GithubActionsDemo;
			sourceTree = "<group>";
		};
		12B158632D8B74BE00123B65 /* Preview Content */ = {
			isa = PBXGroup;
			children = (
				12B158642D8B74BE00123B65 /* Preview Assets.xcassets */,
			);
			path = "Preview Content";
			sourceTree = "<group>";
		};
		12B1586D2D8B74BE00123B65 /* GithubActionsDemoTests */ = {
			isa = PBXGroup;
			children = (
				12B1586E2D8B74BE00123B65 /* GithubActionsDemoTests.swift */,
			);
			path = GithubActionsDemoTests;
			sourceTree = "<group>";
		};
		12B158772D8B74BE00123B65 /* GithubActionsDemoUITests */ = {
			isa = PBXGroup;
			children = (
				12B158782D8B74BE00123B65 /* GithubActionsDemoUITests.swift */,
				12B1587A2D8B74BE00123B65 /* GithubActionsDemoUITestsLaunchTests.swift */,
			);
			path = GithubActionsDemoUITests;
			sourceTree = "<group>";
		};
/* End PBXGroup section */

/* Begin PBXNativeTarget section */
		12B158592D8B74BC00123B65 /* GithubActionsDemo */ = {
			isa = PBXNativeTarget;
			buildConfigurationList = 12B1587E2D8B74BE00123B65 /* Build configuration list for PBXNativeTarget "GithubActionsDemo" */;
			buildPhases = (
				12B158562D8B74BC00123B65 /* Sources */,
				12B158572D8B74BC00123B65 /* Frameworks */,
				12B158582D8B74BC00123B65 /* Resources */,
			);
			buildRules = (
			);
			dependencies = (
			);
			name = GithubActionsDemo;
			productName = GithubActionsDemo;
			productReference = 12B1585A2D8B74BC00123B65 /* GithubActionsDemo.app */;
			productType = "com.apple.product-type.application";
		};
		12B158692D8B74BE00123B65 /* GithubActionsDemoTests */ = {
			isa = PBXNativeTarget;
			buildConfigurationList = 12B158812D8B74BE00123B65 /* Build configuration list for PBXNativeTarget "GithubActionsDemoTests" */;
			buildPhases = (
				12B158662D8B74BE00123B65 /* Sources */,
				12B158672D8B74BE00123B65 /* Frameworks */,
				12B158682D8B74BE00123B65 /* Resources */,
			);
			buildRules = (
			);
			dependencies = (
				12B1586C2D8B74BE00123B65 /* PBXTargetDependency */,
			);
			name = GithubActionsDemoTests;
			productName = GithubActionsDemoTests;
			productReference = 12B1586A2D8B74BE00123B65 /* GithubActionsDemoTests.xctest */;
			productType = "com.apple.product-type.bundle.unit-test";
		};
		12B158732D8B74BE00123B65 /* GithubActionsDemoUITests */ = {
			isa = PBXNativeTarget;
			buildConfigurationList = 12B158842D8B74BE00123B65 /* Build configuration list for PBXNativeTarget "GithubActionsDemoUITests" */;
			buildPhases = (
				12B158702D8B74BE00123B65 /* Sources */,
				12B158712D8B74BE00123B65 /* Frameworks */,
				12B158722D8B74BE00123B65 /* Resources */,
			);
			buildRules = (
			);
			dependencies = (
				12B158762D8B74BE00123B65 /* PBXTargetDependency */,
			);
			name = GithubActionsDemoUITests;
			productName = GithubActionsDemoUITests;
			productReference = 12B158742D8B74BE00123B65 /* GithubActionsDemoUITests.xctest */;
			productType = "com.apple.product-type.bundle.ui-testing";
		};
/* End PBXNativeTarget section */

/* Begin PBXProject section */
		12B158522D8B74BC00123B65 /* Project object */ = {
			isa = PBXProject;
			attributes = {
				BuildIndependentTargetsInParallel = 1;
				LastSwiftUpdateCheck = 1540;
				LastUpgradeCheck = 1540;
				TargetAttributes = {
					12B158592D8B74BC00123B65 = {
						CreatedOnToolsVersion = 15.4;
					};
					12B158692D8B74BE00123B65 = {
						CreatedOnToolsVersion = 15.4;
						TestTargetID = 12B158592D8B74BC00123B65;
					};
					12B158732D8B74BE00123B65 = {
						CreatedOnToolsVersion = 15.4;
						TestTargetID = 12B158592D8B74BC00123B65;
					};
				};
			};
			buildConfigurationList = 12B158552D8B74BC00123B65 /* Build configuration list for PBXProject "GithubActionsDemo" */;
			compatibilityVersion = "Xcode 14.0";
			developmentRegion = en;
			hasScannedForEncodings = 0;
			knownRegions = (
				en,
				Base,
			);
			mainGroup = 12B158512D8B74BC00123B65;
			productRefGroup = 12B1585B2D8B74BC00123B65 /* Products */;
			projectDirPath = "";
			projectRoot = "";
			targets = (
				12B158592D8B74BC00123B65 /* GithubActionsDemo */,
				12B158692D8B74BE00123B65 /* GithubActionsDemoTests */,
				12B158732D8B74BE00123B65 /* GithubActionsDemoUITests */,
			);
		};
/* End PBXProject section */

/* Begin PBXResourcesBuildPhase section */
		12B158582D8B74BC00123B65 /* Resources */ = {
			isa = PBXResourcesBuildPhase;
			buildActionMask = 2147483647;
			files = (
				12B158652D8B74BE00123B65 /* Preview Assets.xcassets in Resources */,
				12B158622D8B74BE00123B65 /* Assets.xcassets in Resources */,
			);
			runOnlyForDeploymentPostprocessing = 0;
		};
		12B158682D8B74BE00123B65 /* Resources */ = {
			isa = PBXResourcesBuildPhase;
			buildActionMask = 2147483647;
			files = (
			);
			runOnlyForDeploymentPostprocessing = 0;
		};
		12B158722D8B74BE00123B65 /* Resources */ = {
			isa = PBXResourcesBuildPhase;
			buildActionMask = 2147483647;
			files = (
			);
			runOnlyForDeploymentPostprocessing = 0;
		};
/* End PBXResourcesBuildPhase section */

/* Begin PBXSourcesBuildPhase section */
		12B158562D8B74BC00123B65 /* Sources */ = {
			isa = PBXSourcesBuildPhase;
			buildActionMask = 2147483647;
			files = (
				12B158602D8B74BC00123B65 /* ContentView.swift in Sources */,
				12B1585E2D8B74BC00123B65 /* GithubActionsDemoApp.swift in Sources */,
			);
			runOnlyForDeploymentPostprocessing = 0;
		};
		12B158662D8B74BE00123B65 /* Sources */ = {
			isa = PBXSourcesBuildPhase;
			buildActionMask = 2147483647;
			files = (
				12B1586F2D8B74BE00123B65 /* GithubActionsDemoTests.swift in Sources */,
			);
			runOnlyForDeploymentPostprocessing = 0;
		};
		12B158702D8B74BE00123B65 /* Sources */ = {
			isa = PBXSourcesBuildPhase;
			buildActionMask = 2147483647;
			files = (
				12B1587B2D8B74BE00123B65 /* GithubActionsDemoUITestsLaunchTests.swift in Sources */,
				12B158792D8B74BE00123B65 /* GithubActionsDemoUITests.swift in Sources */,
			);
			runOnlyForDeploymentPostprocessing = 0;
		};
/* End PBXSourcesBuildPhase section */

/* Begin PBXTargetDependency section */
		12B1586C2D8B74BE00123B65 /* PBXTargetDependency */ = {
			isa = PBXTargetDependency;
			target = 12B158592D8B74BC00123B65 /* GithubActionsDemo */;
			targetProxy = 12B1586B2D8B74BE00123B65 /* PBXContainerItemProxy */;
		};
		12B158762D8B74BE00123B65 /* PBXTargetDependency */ = {
			isa = PBXTargetDependency;
			target = 12B158592D8B74BC00123B65 /* GithubActionsDemo */;
			targetProxy = 12B158752D8B74BE00123B65 /* PBXContainerItemProxy */;
		};
/* End PBXTargetDependency section */

/* Begin XCBuildConfiguration section */
		12B1587C2D8B74BE00123B65 /* Debug */ = {
			isa = XCBuildConfiguration;
			buildSettings = {
				ALWAYS_SEARCH_USER_PATHS = NO;
				ASSETCATALOG_COMPILER_GENERATE_SWIFT_ASSET_SYMBOL_EXTENSIONS = YES;
				CLANG_ANALYZER_NONNULL = YES;
				CLANG_ANALYZER_NUMBER_OBJECT_CONVERSION = YES_AGGRESSIVE;
				CLANG_CXX_LANGUAGE_STANDARD = "gnu++20";
				CLANG_ENABLE_MODULES = YES;
				CLANG_ENABLE_OBJC_ARC = YES;
				CLANG_ENABLE_OBJC_WEAK = YES;
				CLANG_WARN_BLOCK_CAPTURE_AUTORELEASING = YES;
				CLANG_WARN_BOOL_CONVERSION = YES;
				CLANG_WARN_COMMA = YES;
				CLANG_WARN_CONSTANT_CONVERSION = YES;
				CLANG_WARN_DEPRECATED_OBJC_IMPLEMENTATIONS = YES;
				CLANG_WARN_DIRECT_OBJC_ISA_USAGE = YES_ERROR;
				CLANG_WARN_DOCUMENTATION_COMMENTS = YES;
				CLANG_WARN_EMPTY_BODY = YES;
				CLANG_WARN_ENUM_CONVERSION = YES;
				CLANG_WARN_INFINITE_RECURSION = YES;
				CLANG_WARN_INT_CONVERSION = YES;
				CLANG_WARN_NON_LITERAL_NULL_CONVERSION = YES;
				CLANG_WARN_OBJC_IMPLICIT_RETAIN_SELF = YES;
				CLANG_WARN_OBJC_LITERAL_CONVERSION = YES;
				CLANG_WARN_OBJC_ROOT_CLASS = YES_ERROR;
				CLANG_WARN_QUOTED_INCLUDE_IN_FRAMEWORK_HEADER = YES;
				CLANG_WARN_RANGE_LOOP_ANALYSIS = YES;
				CLANG_WARN_STRICT_PROTOTYPES = YES;
				CLANG_WARN_SUSPICIOUS_MOVE = YES;
				CLANG_WARN_UNGUARDED_AVAILABILITY = YES_AGGRESSIVE;
				CLANG_WARN_UNREACHABLE_CODE = YES;
				CLANG_WARN__DUPLICATE_METHOD_MATCH = YES;
				COPY_PHASE_STRIP = NO;
				DEBUG_INFORMATION_FORMAT = dwarf;
				ENABLE_STRICT_OBJC_MSGSEND = YES;
				ENABLE_TESTABILITY = YES;
				ENABLE_USER_SCRIPT_SANDBOXING = YES;
				GCC_C_LANGUAGE_STANDARD = gnu17;
				GCC_DYNAMIC_NO_PIC = NO;
				GCC_NO_COMMON_BLOCKS = YES;
				GCC_OPTIMIZATION_LEVEL = 0;
				GCC_PREPROCESSOR_DEFINITIONS = (
					"DEBUG=1",
					"$(inherited)",
				);
				GCC_WARN_64_TO_32_BIT_CONVERSION = YES;
				GCC_WARN_ABOUT_RETURN_TYPE = YES_ERROR;
				GCC_WARN_UNDECLARED_SELECTOR = YES;
				GCC_WARN_UNINITIALIZED_AUTOS = YES_AGGRESSIVE;
				GCC_WARN_UNUSED_FUNCTION = YES;
				GCC_WARN_UNUSED_VARIABLE = YES;
				IPHONEOS_DEPLOYMENT_TARGET = 17.5;
				LOCALIZATION_PREFERS_STRING_CATALOGS = YES;
				MTL_ENABLE_DEBUG_INFO = INCLUDE_SOURCE;
				MTL_FAST_MATH = YES;
				ONLY_ACTIVE_ARCH = YES;
				SDKROOT = iphoneos;
				SWIFT_ACTIVE_COMPILATION_CONDITIONS = "DEBUG $(inherited)";
				SWIFT_OPTIMIZATION_LEVEL = "-Onone";
			};
			name = Debug;
		};
		12B1587D2D8B74BE00123B65 /* Release */ = {
			isa = XCBuildConfiguration;
			buildSettings = {
				ALWAYS_SEARCH_USER_PATHS = NO;
				ASSETCATALOG_COMPILER_GENERATE_SWIFT_ASSET_SYMBOL_EXTENSIONS = YES;
				CLANG_ANALYZER_NONNULL = YES;
				CLANG_ANALYZER_NUMBER_OBJECT_CONVERSION = YES_AGGRESSIVE;
				CLANG_CXX_LANGUAGE_STANDARD = "gnu++20";
				CLANG_ENABLE_MODULES = YES;
				CLANG_ENABLE_OBJC_ARC = YES;
				CLANG_ENABLE_OBJC_WEAK = YES;
				CLANG_WARN_BLOCK_CAPTURE_AUTORELEASING = YES;
				CLANG_WARN_BOOL_CONVERSION = YES;
				CLANG_WARN_COMMA = YES;
				CLANG_WARN_CONSTANT_CONVERSION = YES;
				CLANG_WARN_DEPRECATED_OBJC_IMPLEMENTATIONS = YES;
				CLANG_WARN_DIRECT_OBJC_ISA_USAGE = YES_ERROR;
				CLANG_WARN_DOCUMENTATION_COMMENTS = YES;
				CLANG_WARN_EMPTY_BODY = YES;
				CLANG_WARN_ENUM_CONVERSION = YES;
				CLANG_WARN_INFINITE_RECURSION = YES;
				CLANG_WARN_INT_CONVERSION = YES;
				CLANG_WARN_NON_LITERAL_NULL_CONVERSION = YES;
				CLANG_WARN_OBJC_IMPLICIT_RETAIN_SELF = YES;
				CLANG_WARN_OBJC_LITERAL_CONVERSION = YES;
				CLANG_WARN_OBJC_ROOT_CLASS = YES_ERROR;
				CLANG_WARN_QUOTED_INCLUDE_IN_FRAMEWORK_HEADER = YES;
				CLANG_WARN_RANGE_LOOP_ANALYSIS = YES;
				CLANG_WARN_STRICT_PROTOTYPES = YES;
				CLANG_WARN_SUSPICIOUS_MOVE = YES;
				CLANG_WARN_UNGUARDED_AVAILABILITY = YES_AGGRESSIVE;
				CLANG_WARN_UNREACHABLE_CODE = YES;
				CLANG_WARN__DUPLICATE_METHOD_MATCH = YES;
				COPY_PHASE_STRIP = NO;
				DEBUG_INFORMATION_FORMAT = "dwarf-with-dsym";
				ENABLE_NS_ASSERTIONS = NO;
				ENABLE_STRICT_OBJC_MSGSEND = YES;
				ENABLE_USER_SCRIPT_SANDBOXING = YES;
				GCC_C_LANGUAGE_STANDARD = gnu17;
				GCC_NO_COMMON_BLOCKS = YES;
				GCC_WARN_64_TO_32_BIT_CONVERSION = YES;
				GCC_WARN_ABOUT_RETURN_TYPE = YES_ERROR;
				GCC_WARN_UNDECLARED_SELECTOR = YES;
				GCC_WARN_UNINITIALIZED_AUTOS = YES_AGGRESSIVE;
				GCC_WARN_UNUSED_FUNCTION = YES;
				GCC_WARN_UNUSED_VARIABLE = YES;
				IPHONEOS_DEPLOYMENT_TARGET = 17.5;
				LOCALIZATION_PREFERS_STRING_CATALOGS = YES;
				MTL_ENABLE_DEBUG_INFO = NO;
				MTL_FAST_MATH = YES;
				SDKROOT = iphoneos;
				SWIFT_COMPILATION_MODE = wholemodule;
				VALIDATE_PRODUCT = YES;
			};
			name = Release;
		};
		12B1587F2D8B74BE00123B65 /* Debug */ = {
			isa = XCBuildConfiguration;
			buildSettings = {
				ASSETCATALOG_COMPILER_APPICON_NAME = AppIcon;
				ASSETCATALOG_COMPILER_GLOBAL_ACCENT_COLOR_NAME = AccentColor;
				CODE_SIGN_STYLE = Automatic;
				CURRENT_PROJECT_VERSION = 1;
				DEVELOPMENT_ASSET_PATHS = "\"GithubActionsDemo/Preview Content\"";
				DEVELOPMENT_TEAM = RPQ3VF2JBZ;
				ENABLE_PREVIEWS = YES;
				GENERATE_INFOPLIST_FILE = YES;
				INFOPLIST_KEY_UIApplicationSceneManifest_Generation = YES;
				INFOPLIST_KEY_UIApplicationSupportsIndirectInputEvents = YES;
				INFOPLIST_KEY_UILaunchScreen_Generation = YES;
				INFOPLIST_KEY_UISupportedInterfaceOrientations_iPad = "UIInterfaceOrientationPortrait UIInterfaceOrientationPortraitUpsideDown UIInterfaceOrientationLandscapeLeft UIInterfaceOrientationLandscapeRight";
				INFOPLIST_KEY_UISupportedInterfaceOrientations_iPhone = "UIInterfaceOrientationPortrait UIInterfaceOrientationLandscapeLeft UIInterfaceOrientationLandscapeRight";
				LD_RUNPATH_SEARCH_PATHS = (
					"$(inherited)",
					"@executable_path/Frameworks",
				);
				MARKETING_VERSION = 1.0;
				PRODUCT_BUNDLE_IDENTIFIER = com.mfsaglam.GithubActionsDemo;
				PRODUCT_NAME = "$(TARGET_NAME)";
				SWIFT_EMIT_LOC_STRINGS = YES;
				SWIFT_VERSION = 5.0;
				TARGETED_DEVICE_FAMILY = "1,2";
			};
			name = Debug;
		};
		12B158802D8B74BE00123B65 /* Release */ = {
			isa = XCBuildConfiguration;
			buildSettings = {
				ASSETCATALOG_COMPILER_APPICON_NAME = AppIcon;
				ASSETCATALOG_COMPILER_GLOBAL_ACCENT_COLOR_NAME = AccentColor;
				CODE_SIGN_STYLE = Automatic;
				CURRENT_PROJECT_VERSION = 1;
				DEVELOPMENT_ASSET_PATHS = "\"GithubActionsDemo/Preview Content\"";
				DEVELOPMENT_TEAM = RPQ3VF2JBZ;
				ENABLE_PREVIEWS = YES;
				GENERATE_INFOPLIST_FILE = YES;
				INFOPLIST_KEY_UIApplicationSceneManifest_Generation = YES;
				INFOPLIST_KEY_UIApplicationSupportsIndirectInputEvents = YES;
				INFOPLIST_KEY_UILaunchScreen_Generation = YES;
				INFOPLIST_KEY_UISupportedInterfaceOrientations_iPad = "UIInterfaceOrientationPortrait UIInterfaceOrientationPortraitUpsideDown UIInterfaceOrientationLandscapeLeft UIInterfaceOrientationLandscapeRight";
				INFOPLIST_KEY_UISupportedInterfaceOrientations_iPhone = "UIInterfaceOrientationPortrait UIInterfaceOrientationLandscapeLeft UIInterfaceOrientationLandscapeRight";
				LD_RUNPATH_SEARCH_PATHS = (
					"$(inherited)",
					"@executable_path/Frameworks",
				);
				MARKETING_VERSION = 1.0;
				PRODUCT_BUNDLE_IDENTIFIER = com.mfsaglam.GithubActionsDemo;
				PRODUCT_NAME = "$(TARGET_NAME)";
				SWIFT_EMIT_LOC_STRINGS = YES;
				SWIFT_VERSION = 5.0;
				TARGETED_DEVICE_FAMILY = "1,2";
			};
			name = Release;
		};
		12B158822D8B74BE00123B65 /* Debug */ = {
			isa = XCBuildConfiguration;
			buildSettings = {
				ALWAYS_EMBED_SWIFT_STANDARD_LIBRARIES = YES;
				BUNDLE_LOADER = "$(TEST_HOST)";
				CODE_SIGN_STYLE = Automatic;
				CURRENT_PROJECT_VERSION = 1;
				DEVELOPMENT_TEAM = RPQ3VF2JBZ;
				GENERATE_INFOPLIST_FILE = YES;
				IPHONEOS_DEPLOYMENT_TARGET = 17.5;
				MARKETING_VERSION = 1.0;
				PRODUCT_BUNDLE_IDENTIFIER = com.mfsaglam.GithubActionsDemoTests;
				PRODUCT_NAME = "$(TARGET_NAME)";
				SWIFT_EMIT_LOC_STRINGS = NO;
				SWIFT_VERSION = 5.0;
				TARGETED_DEVICE_FAMILY = "1,2";
				TEST_HOST = "$(BUILT_PRODUCTS_DIR)/GithubActionsDemo.app/$(BUNDLE_EXECUTABLE_FOLDER_PATH)/GithubActionsDemo";
			};
			name = Debug;
		};
		12B158832D8B74BE00123B65 /* Release */ = {
			isa = XCBuildConfiguration;
			buildSettings = {
				ALWAYS_EMBED_SWIFT_STANDARD_LIBRARIES = YES;
				BUNDLE_LOADER = "$(TEST_HOST)";
				CODE_SIGN_STYLE = Automatic;
				CURRENT_PROJECT_VERSION = 1;
				DEVELOPMENT_TEAM = RPQ3VF2JBZ;
				GENERATE_INFOPLIST_FILE = YES;
				IPHONEOS_DEPLOYMENT_TARGET = 17.5;
				MARKETING_VERSION = 1.0;
				PRODUCT_BUNDLE_IDENTIFIER = com.mfsaglam.GithubActionsDemoTests;
				PRODUCT_NAME = "$(TARGET_NAME)";
				SWIFT_EMIT_LOC_STRINGS = NO;
				SWIFT_VERSION = 5.0;
				TARGETED_DEVICE_FAMILY = "1,2";
				TEST_HOST = "$(BUILT_PRODUCTS_DIR)/GithubActionsDemo.app/$(BUNDLE_EXECUTABLE_FOLDER_PATH)/GithubActionsDemo";
			};
			name = Release;
		};
		12B158852D8B74BE00123B65 /* Debug */ = {
			isa = XCBuildConfiguration;
			buildSettings = {
				ALWAYS_EMBED_SWIFT_STANDARD_LIBRARIES = YES;
				CODE_SIGN_STYLE = Automatic;
				CURRENT_PROJECT_VERSION = 1;
				DEVELOPMENT_TEAM = RPQ3VF2JBZ;
				GENERATE_INFOPLIST_FILE = YES;
				MARKETING_VERSION = 1.0;
				PRODUCT_BUNDLE_IDENTIFIER = com.mfsaglam.GithubActionsDemoUITests;
				PRODUCT_NAME = "$(TARGET_NAME)";
				SWIFT_EMIT_LOC_STRINGS = NO;
				SWIFT_VERSION = 5.0;
				TARGETED_DEVICE_FAMILY = "1,2";
				TEST_TARGET_NAME = GithubActionsDemo;
			};
			name = Debug;
		};
		12B158862D8B74BE00123B65 /* Release */ = {
			isa = XCBuildConfiguration;
			buildSettings = {
				ALWAYS_EMBED_SWIFT_STANDARD_LIBRARIES = YES;
				CODE_SIGN_STYLE = Automatic;
				CURRENT_PROJECT_VERSION = 1;
				DEVELOPMENT_TEAM = RPQ3VF2JBZ;
				GENERATE_INFOPLIST_FILE = YES;
				MARKETING_VERSION = 1.0;
				PRODUCT_BUNDLE_IDENTIFIER = com.mfsaglam.GithubActionsDemoUITests;
				PRODUCT_NAME = "$(TARGET_NAME)";
				SWIFT_EMIT_LOC_STRINGS = NO;
				SWIFT_VERSION = 5.0;
				TARGETED_DEVICE_FAMILY = "1,2";
				TEST_TARGET_NAME = GithubActionsDemo;
			};
			name = Release;
		};
/* End XCBuildConfiguration section */

/* Begin XCConfigurationList section */
		12B158552D8B74BC00123B65 /* Build configuration list for PBXProject "GithubActionsDemo" */ = {
			isa = XCConfigurationList;
			buildConfigurations = (
				12B1587C2D8B74BE00123B65 /* Debug */,
				12B1587D2D8B74BE00123B65 /* Release */,
			);
			defaultConfigurationIsVisible = 0;
			defaultConfigurationName = Release;
		};
		12B1587E2D8B74BE00123B65 /* Build configuration list for PBXNativeTarget "GithubActionsDemo" */ = {
			isa = XCConfigurationList;
			buildConfigurations = (
				12B1587F2D8B74BE00123B65 /* Debug */,
				12B158802D8B74BE00123B65 /* Release */,
			);
			defaultConfigurationIsVisible = 0;
			defaultConfigurationName = Release;
		};
		12B158812D8B74BE00123B65 /* Build configuration list for PBXNativeTarget "GithubActionsDemoTests" */ = {
			isa = XCConfigurationList;
			buildConfigurations = (
				12B158822D8B74BE00123B65 /* Debug */,
				12B158832D8B74BE00123B65 /* Release */,
			);
			defaultConfigurationIsVisible = 0;
			defaultConfigurationName = Release;
		};
		12B158842D8B74BE00123B65 /* Build configuration list for PBXNativeTarget "GithubActionsDemoUITests" */ = {
			isa = XCConfigurationList;
			buildConfigurations = (
				12B158852D8B74BE00123B65 /* Debug */,
				12B158862D8B74BE00123B65 /* Release */,
			);
			defaultConfigurationIsVisible = 0;
			defaultConfigurationName = Release;
		};
/* End XCConfigurationList section */
	};
	rootObject = 12B158522D8B74BC00123B65 /* Project object */;
}
